
Microsoft Visual Studio Solution File, Format Version 12.00
# Visual Studio Version 17
VisualStudioVersion = 17.8.34511.84
MinimumVisualStudioVersion = 10.0.40219.1
Project("{FAE04EC0-301F-11D3-BF4B-00C04F79EFBC}") = "WEBSITEBANHANG", "WEBSITEBANHANG\WEBSITEBANHANG.csproj", "{2E9B2537-CDD2-4148-9993-B491BF9AB4EA}"
EndProject
Global
	GlobalSection(SolutionConfigurationPlatforms) = preSolution
		Debug|Any CPU = Debug|Any CPU
		Release|Any CPU = Release|Any CPU
	EndGlobalSection
	GlobalSection(ProjectConfigurationPlatforms) = postSolution
		{2E9B2537-CDD2-4148-9993-B491BF9AB4EA}.Debug|Any CPU.ActiveCfg = Debug|Any CPU
		{2E9B2537-CDD2-4148-9993-B491BF9AB4EA}.Debug|Any CPU.Build.0 = Debug|Any CPU
		{2E9B2537-CDD2-4148-9993-B491BF9AB4EA}.Release|Any CPU.ActiveCfg = Release|Any CPU
		{2E9B2537-CDD2-4148-9993-B491BF9AB4EA}.Release|Any CPU.Build.0 = Release|Any CPU
	EndGlobalSection
	GlobalSection(SolutionProperties) = preSolution
		HideSolutionNode = FALSE
	EndGlobalSection
	GlobalSection(ExtensibilityGlobals) = postSolution
		SolutionGuid = {FDBCF711-F2AB-4A46-99B9-4B5175272FD3}
	EndGlobalSection
EndGlobal
